
Microsoft Visual Studio Solution File, Format Version 12.00
# Visual Studio Version 17
VisualStudioVersion = 17.1.32319.34
MinimumVisualStudioVersion = 10.0.40219.1
Project("{FAE04EC0-301F-11D3-BF4B-00C04F79EFBC}") = "OutBoxPattern", "OutBoxPattern\OutBoxPattern.csproj", "{1290FDC6-81A0-4D2E-9C5F-09AD7E27181F}"
EndProject
Project("{FAE04EC0-301F-11D3-BF4B-00C04F79EFBC}") = "OutBoxPattern.Infra", "OutBoxPattern.Infra\OutBoxPattern.Infra.csproj", "{C897DFA5-843F-46B9-B32A-9A451B0CC6FD}"
EndProject
Project("{FAE04EC0-301F-11D3-BF4B-00C04F79EFBC}") = "OutBoxPattern.Domain", "OutBoxPattern.Domain\OutBoxPattern.Domain.csproj", "{88C94006-4A6D-4818-A4F2-48CE4BDA2623}"
EndProject
Global
	GlobalSection(SolutionConfigurationPlatforms) = preSolution
		Debug|Any CPU = Debug|Any CPU
		Release|Any CPU = Release|Any CPU
	EndGlobalSection
	GlobalSection(ProjectConfigurationPlatforms) = postSolution
		{1290FDC6-81A0-4D2E-9C5F-09AD7E27181F}.Debug|Any CPU.ActiveCfg = Debug|Any CPU
		{1290FDC6-81A0-4D2E-9C5F-09AD7E27181F}.Debug|Any CPU.Build.0 = Debug|Any CPU
		{1290FDC6-81A0-4D2E-9C5F-09AD7E27181F}.Release|Any CPU.ActiveCfg = Release|Any CPU
		{1290FDC6-81A0-4D2E-9C5F-09AD7E27181F}.Release|Any CPU.Build.0 = Release|Any CPU
		{C897DFA5-843F-46B9-B32A-9A451B0CC6FD}.Debug|Any CPU.ActiveCfg = Debug|Any CPU
		{C897DFA5-843F-46B9-B32A-9A451B0CC6FD}.Debug|Any CPU.Build.0 = Debug|Any CPU
		{C897DFA5-843F-46B9-B32A-9A451B0CC6FD}.Release|Any CPU.ActiveCfg = Release|Any CPU
		{C897DFA5-843F-46B9-B32A-9A451B0CC6FD}.Release|Any CPU.Build.0 = Release|Any CPU
		{88C94006-4A6D-4818-A4F2-48CE4BDA2623}.Debug|Any CPU.ActiveCfg = Debug|Any CPU
		{88C94006-4A6D-4818-A4F2-48CE4BDA2623}.Debug|Any CPU.Build.0 = Debug|Any CPU
		{88C94006-4A6D-4818-A4F2-48CE4BDA2623}.Release|Any CPU.ActiveCfg = Release|Any CPU
		{88C94006-4A6D-4818-A4F2-48CE4BDA2623}.Release|Any CPU.Build.0 = Release|Any CPU
	EndGlobalSection
	GlobalSection(SolutionProperties) = preSolution
		HideSolutionNode = FALSE
	EndGlobalSection
	GlobalSection(ExtensibilityGlobals) = postSolution
		SolutionGuid = {80423534-604B-4590-9DC1-DA6C36F3E372}
	EndGlobalSection
EndGlobal
